Microsoft Visual Studio Solution File, Format Version 12.00
# Visual Studio Version 17
VisualStudioVersion = 17.5.2.0
MinimumVisualStudioVersion = 10.0.40219.1
Project("{FAE04EC0-301F-11D3-BF4B-00C04F79EFBC}") = "Raylib-Maze", "Raylib-Maze.csproj", "{337E4214-86E7-2528-9311-B0321A878703}"
EndProject
Global
	GlobalSection(SolutionConfigurationPlatforms) = preSolution
		Debug|Any CPU = Debug|Any CPU
		Release|Any CPU = Release|Any CPU
	EndGlobalSection
	GlobalSection(ProjectConfigurationPlatforms) = postSolution
		{337E4214-86E7-2528-9311-B0321A878703}.Debug|Any CPU.ActiveCfg = Debug|Any CPU
		{337E4214-86E7-2528-9311-B0321A878703}.Debug|Any CPU.Build.0 = Debug|Any CPU
		{337E4214-86E7-2528-9311-B0321A878703}.Release|Any CPU.ActiveCfg = Release|Any CPU
		{337E4214-86E7-2528-9311-B0321A878703}.Release|Any CPU.Build.0 = Release|Any CPU
	EndGlobalSection
	GlobalSection(SolutionProperties) = preSolution
		HideSolutionNode = FALSE
	EndGlobalSection
	GlobalSection(ExtensibilityGlobals) = postSolution
		SolutionGuid = {30AEE2C4-52F2-41D4-A240-E03087ECFF5D}
	EndGlobalSection
EndGlobal
